
Microsoft Visual Studio Solution File, Format Version 12.00
# Visual Studio Version 17
VisualStudioVersion = 17.10.35013.160
MinimumVisualStudioVersion = 10.0.40219.1
Project("{FAE04EC0-301F-11D3-BF4B-00C04F79EFBC}") = "Lc_userapi", "Lc_userapi\Lc_userapi.csproj", "{A4AFAE08-4419-49A0-85BA-AE612594412A}"
EndProject
Global
	GlobalSection(SolutionConfigurationPlatforms) = preSolution
		Debug|Any CPU = Debug|Any CPU
		Release|Any CPU = Release|Any CPU
	EndGlobalSection
	GlobalSection(ProjectConfigurationPlatforms) = postSolution
		{A4AFAE08-4419-49A0-85BA-AE612594412A}.Debug|Any CPU.ActiveCfg = Debug|Any CPU
		{A4AFAE08-4419-49A0-85BA-AE612594412A}.Debug|Any CPU.Build.0 = Debug|Any CPU
		{A4AFAE08-4419-49A0-85BA-AE612594412A}.Release|Any CPU.ActiveCfg = Release|Any CPU
		{A4AFAE08-4419-49A0-85BA-AE612594412A}.Release|Any CPU.Build.0 = Release|Any CPU
	EndGlobalSection
	GlobalSection(SolutionProperties) = preSolution
		HideSolutionNode = FALSE
	EndGlobalSection
	GlobalSection(ExtensibilityGlobals) = postSolution
		SolutionGuid = {3BF01A7B-963C-41CB-B97E-CD1A0CB416CC}
	EndGlobalSection
EndGlobal
